
Microsoft Visual Studio Solution File, Format Version 12.00
# Visual Studio Version 17
VisualStudioVersion = 17.2.32630.192
MinimumVisualStudioVersion = 10.0.40219.1
Project("{FAE04EC0-301F-11D3-BF4B-00C04F79EFBC}") = "ThermotionDesignTool2", "ThermotionDesignTool2\ThermotionDesignTool2.csproj", "{A339FC04-019D-46A9-804B-3C01D71B6FD0}"
EndProject
Global
	GlobalSection(SolutionConfigurationPlatforms) = preSolution
		Debug|Any CPU = Debug|Any CPU
		Release|Any CPU = Release|Any CPU
	EndGlobalSection
	GlobalSection(ProjectConfigurationPlatforms) = postSolution
		{A339FC04-019D-46A9-804B-3C01D71B6FD0}.Debug|Any CPU.ActiveCfg = Debug|Any CPU
		{A339FC04-019D-46A9-804B-3C01D71B6FD0}.Debug|Any CPU.Build.0 = Debug|Any CPU
		{A339FC04-019D-46A9-804B-3C01D71B6FD0}.Release|Any CPU.ActiveCfg = Release|Any CPU
		{A339FC04-019D-46A9-804B-3C01D71B6FD0}.Release|Any CPU.Build.0 = Release|Any CPU
	EndGlobalSection
	GlobalSection(SolutionProperties) = preSolution
		HideSolutionNode = FALSE
	EndGlobalSection
	GlobalSection(ExtensibilityGlobals) = postSolution
		SolutionGuid = {E88BD93E-C9C2-4936-9170-AFC21897834D}
	EndGlobalSection
EndGlobal
