
Microsoft Visual Studio Solution File, Format Version 12.00
# Visual Studio Version 17
VisualStudioVersion = 17.2.32630.192
MinimumVisualStudioVersion = 10.0.40219.1
Project("{FAE04EC0-301F-11D3-BF4B-00C04F79EFBC}") = "ThermotionDesignTool4", "ThermotionDesignTool4\ThermotionDesignTool4.csproj", "{AA878338-BE8C-41C0-AB11-C38CCA38BD54}"
EndProject
Global
	GlobalSection(SolutionConfigurationPlatforms) = preSolution
		Debug|Any CPU = Debug|Any CPU
		Release|Any CPU = Release|Any CPU
	EndGlobalSection
	GlobalSection(ProjectConfigurationPlatforms) = postSolution
		{AA878338-BE8C-41C0-AB11-C38CCA38BD54}.Debug|Any CPU.ActiveCfg = Debug|Any CPU
		{AA878338-BE8C-41C0-AB11-C38CCA38BD54}.Debug|Any CPU.Build.0 = Debug|Any CPU
		{AA878338-BE8C-41C0-AB11-C38CCA38BD54}.Release|Any CPU.ActiveCfg = Release|Any CPU
		{AA878338-BE8C-41C0-AB11-C38CCA38BD54}.Release|Any CPU.Build.0 = Release|Any CPU
	EndGlobalSection
	GlobalSection(SolutionProperties) = preSolution
		HideSolutionNode = FALSE
	EndGlobalSection
	GlobalSection(ExtensibilityGlobals) = postSolution
		SolutionGuid = {9D9F6E77-B953-4784-AE2C-111C63B3BB73}
	EndGlobalSection
EndGlobal
